
Microsoft Visual Studio Solution File, Format Version 12.00
# Visual Studio Version 16
VisualStudioVersion = 16.0.30128.74
MinimumVisualStudioVersion = 10.0.40219.1
Project("{9A19103F-16F7-4668-BE54-9A1E7A4F7556}") = "QR_PrismNXT_Web", "QR_PrismNXT_Web\QR_PrismNXT_Web.csproj", "{FF107FEE-01A5-47E5-B2AA-3EA079A04F22}"
EndProject
Global
	GlobalSection(SolutionConfigurationPlatforms) = preSolution
		Debug|Any CPU = Debug|Any CPU
		Release|Any CPU = Release|Any CPU
	EndGlobalSection
	GlobalSection(ProjectConfigurationPlatforms) = postSolution
		{FF107FEE-01A5-47E5-B2AA-3EA079A04F22}.Debug|Any CPU.ActiveCfg = Debug|Any CPU
		{FF107FEE-01A5-47E5-B2AA-3EA079A04F22}.Debug|Any CPU.Build.0 = Debug|Any CPU
		{FF107FEE-01A5-47E5-B2AA-3EA079A04F22}.Release|Any CPU.ActiveCfg = Release|Any CPU
		{FF107FEE-01A5-47E5-B2AA-3EA079A04F22}.Release|Any CPU.Build.0 = Release|Any CPU
	EndGlobalSection
	GlobalSection(SolutionProperties) = preSolution
		HideSolutionNode = FALSE
	EndGlobalSection
	GlobalSection(ExtensibilityGlobals) = postSolution
		SolutionGuid = {2F77A12A-F218-46FC-B725-1F06A0234BBD}
	EndGlobalSection
	GlobalSection(TeamFoundationVersionControl) = preSolution
		SccNumberOfProjects = 2
		SccEnterpriseProvider = {4CA58AB2-18FA-4F8D-95D4-32DDF27D184C}
		SccTeamFoundationServer = https://dev.azure.com/dellxps15linux
		SccLocalPath0 = .
		SccProjectUniqueName1 = QR_PrismNXT_Web\\QR_PrismNXT_Web.csproj
		SccProjectName1 = QR_PrismNXT_Web
		SccLocalPath1 = QR_PrismNXT_Web
	EndGlobalSection
EndGlobal
